// !$*UTF8*$!
{
	archiveVersion = 1;
	classes = {
	};
	objectVersion = 56;
	objects = {

/* Begin PBXBuildFile section */
		02971B582974E9200099147B /* ReviewListTableViewCell.swift in Sources */ = {isa = PBXBuildFile; fileRef = 02971B572974E9200099147B /* ReviewListTableViewCell.swift */; };
		02971B5C2974ED660099147B /* Constants.swift in Sources */ = {isa = PBXBuildFile; fileRef = 02971B5B2974ED660099147B /* Constants.swift */; };
		02B6F61529727D9800F0D083 /* GenreListCollectionViewCell.swift in Sources */ = {isa = PBXBuildFile; fileRef = 02B6F61429727D9800F0D083 /* GenreListCollectionViewCell.swift */; };
		02B6F61F2972874700F0D083 /* MovieListProtocols.swift in Sources */ = {isa = PBXBuildFile; fileRef = 02B6F61E2972874700F0D083 /* MovieListProtocols.swift */; };
		02B6F6282972879E00F0D083 /* MovieListRouter.swift in Sources */ = {isa = PBXBuildFile; fileRef = 02B6F6272972879E00F0D083 /* MovieListRouter.swift */; };
		02B6F62A297287AF00F0D083 /* MovieListModel.swift in Sources */ = {isa = PBXBuildFile; fileRef = 02B6F629297287AF00F0D083 /* MovieListModel.swift */; };
		02B6F62C297287BC00F0D083 /* MovieListPresenter.swift in Sources */ = {isa = PBXBuildFile; fileRef = 02B6F62B297287BC00F0D083 /* MovieListPresenter.swift */; };
		02B6F62E297287C600F0D083 /* MovieListInteractor.swift in Sources */ = {isa = PBXBuildFile; fileRef = 02B6F62D297287C600F0D083 /* MovieListInteractor.swift */; };
		02B6F630297287CE00F0D083 /* MovieListViewController.swift in Sources */ = {isa = PBXBuildFile; fileRef = 02B6F62F297287CE00F0D083 /* MovieListViewController.swift */; };
		02B6F632297287D800F0D083 /* MovieListTableViewCell.swift in Sources */ = {isa = PBXBuildFile; fileRef = 02B6F631297287D800F0D083 /* MovieListTableViewCell.swift */; };
		02B6F6342972BDA300F0D083 /* Extensions.swift in Sources */ = {isa = PBXBuildFile; fileRef = 02B6F6332972BDA300F0D083 /* Extensions.swift */; };
		02C8B2B729717B5800300B73 /* AppDelegate.swift in Sources */ = {isa = PBXBuildFile; fileRef = 02C8B2B629717B5800300B73 /* AppDelegate.swift */; };
		02C8B2B929717B5800300B73 /* SceneDelegate.swift in Sources */ = {isa = PBXBuildFile; fileRef = 02C8B2B829717B5800300B73 /* SceneDelegate.swift */; };
		02C8B2C029717B5A00300B73 /* Assets.xcassets in Resources */ = {isa = PBXBuildFile; fileRef = 02C8B2BF29717B5A00300B73 /* Assets.xcassets */; };
		02C8B2C329717B5A00300B73 /* LaunchScreen.storyboard in Resources */ = {isa = PBXBuildFile; fileRef = 02C8B2C129717B5A00300B73 /* LaunchScreen.storyboard */; };
		02C8B2D92971817400300B73 /* GenreListViewController.swift in Sources */ = {isa = PBXBuildFile; fileRef = 02C8B2D82971817400300B73 /* GenreListViewController.swift */; };
		02C8B2DB2971B39F00300B73 /* GenreListProtocols.swift in Sources */ = {isa = PBXBuildFile; fileRef = 02C8B2DA2971B39F00300B73 /* GenreListProtocols.swift */; };
		02C8B2DD2971BEA300300B73 /* GenreListModel.swift in Sources */ = {isa = PBXBuildFile; fileRef = 02C8B2DC2971BEA300300B73 /* GenreListModel.swift */; };
		02C8B2DF2971BEF700300B73 /* GenreListRouter.swift in Sources */ = {isa = PBXBuildFile; fileRef = 02C8B2DE2971BEF700300B73 /* GenreListRouter.swift */; };
		02C8B2E12971BF3E00300B73 /* GenreListPresenter.swift in Sources */ = {isa = PBXBuildFile; fileRef = 02C8B2E02971BF3E00300B73 /* GenreListPresenter.swift */; };
		02C8B2E32971BF4700300B73 /* GenreListInteractor.swift in Sources */ = {isa = PBXBuildFile; fileRef = 02C8B2E22971BF4700300B73 /* GenreListInteractor.swift */; };
		02E7428C2973E6D2007AEBA0 /* MovieDetailProtocols.swift in Sources */ = {isa = PBXBuildFile; fileRef = 02E7428B2973E6D2007AEBA0 /* MovieDetailProtocols.swift */; };
		02E7428E2973E6EE007AEBA0 /* MovieDetailRouter.swift in Sources */ = {isa = PBXBuildFile; fileRef = 02E7428D2973E6EE007AEBA0 /* MovieDetailRouter.swift */; };
		02E742922973E71E007AEBA0 /* MovieDetailPresenter.swift in Sources */ = {isa = PBXBuildFile; fileRef = 02E742912973E71E007AEBA0 /* MovieDetailPresenter.swift */; };
		02E742942973E72F007AEBA0 /* MovieDetailModel.swift in Sources */ = {isa = PBXBuildFile; fileRef = 02E742932973E72F007AEBA0 /* MovieDetailModel.swift */; };
		02E742962973E73A007AEBA0 /* MovieDetailInteractor.swift in Sources */ = {isa = PBXBuildFile; fileRef = 02E742952973E73A007AEBA0 /* MovieDetailInteractor.swift */; };
		02E742982973E747007AEBA0 /* MovieDetailViewController.swift in Sources */ = {isa = PBXBuildFile; fileRef = 02E742972973E747007AEBA0 /* MovieDetailViewController.swift */; };
		84FAEB41FCE2BEC6E2451A0F /* Pods_iMovies.framework in Frameworks */ = {isa = PBXBuildFile; fileRef = 435A9F03E7171D7D54BCB1BC /* Pods_iMovies.framework */; };
/* End PBXBuildFile section */

/* Begin PBXFileReference section */
		02971B572974E9200099147B /* ReviewListTableViewCell.swift */ = {isa = PBXFileReference; lastKnownFileType = sourcecode.swift; path = ReviewListTableViewCell.swift; sourceTree = "<group>"; };
		02971B5B2974ED660099147B /* Constants.swift */ = {isa = PBXFileReference; lastKnownFileType = sourcecode.swift; path = Constants.swift; sourceTree = "<group>"; };
		02B6F61429727D9800F0D083 /* GenreListCollectionViewCell.swift */ = {isa = PBXFileReference; lastKnownFileType = sourcecode.swift; path = GenreListCollectionViewCell.swift; sourceTree = "<group>"; };
		02B6F61E2972874700F0D083 /* MovieListProtocols.swift */ = {isa = PBXFileReference; lastKnownFileType = sourcecode.swift; path = MovieListProtocols.swift; sourceTree = "<group>"; };
		02B6F6272972879E00F0D083 /* MovieListRouter.swift */ = {isa = PBXFileReference; lastKnownFileType = sourcecode.swift; path = MovieListRouter.swift; sourceTree = "<group>"; };
		02B6F629297287AF00F0D083 /* MovieListModel.swift */ = {isa = PBXFileReference; lastKnownFileType = sourcecode.swift; path = MovieListModel.swift; sourceTree = "<group>"; };
		02B6F62B297287BC00F0D083 /* MovieListPresenter.swift */ = {isa = PBXFileReference; lastKnownFileType = sourcecode.swift; path = MovieListPresenter.swift; sourceTree = "<group>"; };
		02B6F62D297287C600F0D083 /* MovieListInteractor.swift */ = {isa = PBXFileReference; lastKnownFileType = sourcecode.swift; path = MovieListInteractor.swift; sourceTree = "<group>"; };
		02B6F62F297287CE00F0D083 /* MovieListViewController.swift */ = {isa = PBXFileReference; lastKnownFileType = sourcecode.swift; path = MovieListViewController.swift; sourceTree = "<group>"; };
		02B6F631297287D800F0D083 /* MovieListTableViewCell.swift */ = {isa = PBXFileReference; lastKnownFileType = sourcecode.swift; path = MovieListTableViewCell.swift; sourceTree = "<group>"; };
		02B6F6332972BDA300F0D083 /* Extensions.swift */ = {isa = PBXFileReference; lastKnownFileType = sourcecode.swift; path = Extensions.swift; sourceTree = "<group>"; };
		02C8B2B329717B5800300B73 /* iMovies.app */ = {isa = PBXFileReference; explicitFileType = wrapper.application; includeInIndex = 0; path = iMovies.app; sourceTree = BUILT_PRODUCTS_DIR; };
		02C8B2B629717B5800300B73 /* AppDelegate.swift */ = {isa = PBXFileReference; lastKnownFileType = sourcecode.swift; path = AppDelegate.swift; sourceTree = "<group>"; };
		02C8B2B829717B5800300B73 /* SceneDelegate.swift */ = {isa = PBXFileReference; lastKnownFileType = sourcecode.swift; path = SceneDelegate.swift; sourceTree = "<group>"; };
		02C8B2BF29717B5A00300B73 /* Assets.xcassets */ = {isa = PBXFileReference; lastKnownFileType = folder.assetcatalog; path = Assets.xcassets; sourceTree = "<group>"; };
		02C8B2C229717B5A00300B73 /* Base */ = {isa = PBXFileReference; lastKnownFileType = file.storyboard; name = Base; path = Base.lproj/LaunchScreen.storyboard; sourceTree = "<group>"; };
		02C8B2C429717B5A00300B73 /* Info.plist */ = {isa = PBXFileReference; lastKnownFileType = text.plist.xml; path = Info.plist; sourceTree = "<group>"; };
		02C8B2D82971817400300B73 /* GenreListViewController.swift */ = {isa = PBXFileReference; lastKnownFileType = sourcecode.swift; path = GenreListViewController.swift; sourceTree = "<group>"; };
		02C8B2DA2971B39F00300B73 /* GenreListProtocols.swift */ = {isa = PBXFileReference; lastKnownFileType = sourcecode.swift; path = GenreListProtocols.swift; sourceTree = "<group>"; };
		02C8B2DC2971BEA300300B73 /* GenreListModel.swift */ = {isa = PBXFileReference; lastKnownFileType = sourcecode.swift; path = GenreListModel.swift; sourceTree = "<group>"; };
		02C8B2DE2971BEF700300B73 /* GenreListRouter.swift */ = {isa = PBXFileReference; lastKnownFileType = sourcecode.swift; path = GenreListRouter.swift; sourceTree = "<group>"; };
		02C8B2E02971BF3E00300B73 /* GenreListPresenter.swift */ = {isa = PBXFileReference; lastKnownFileType = sourcecode.swift; path = GenreListPresenter.swift; sourceTree = "<group>"; };
		02C8B2E22971BF4700300B73 /* GenreListInteractor.swift */ = {isa = PBXFileReference; lastKnownFileType = sourcecode.swift; path = GenreListInteractor.swift; sourceTree = "<group>"; };
		02E7428B2973E6D2007AEBA0 /* MovieDetailProtocols.swift */ = {isa = PBXFileReference; lastKnownFileType = sourcecode.swift; path = MovieDetailProtocols.swift; sourceTree = "<group>"; };
		02E7428D2973E6EE007AEBA0 /* MovieDetailRouter.swift */ = {isa = PBXFileReference; lastKnownFileType = sourcecode.swift; path = MovieDetailRouter.swift; sourceTree = "<group>"; };
		02E742912973E71E007AEBA0 /* MovieDetailPresenter.swift */ = {isa = PBXFileReference; lastKnownFileType = sourcecode.swift; path = MovieDetailPresenter.swift; sourceTree = "<group>"; };
		02E742932973E72F007AEBA0 /* MovieDetailModel.swift */ = {isa = PBXFileReference; lastKnownFileType = sourcecode.swift; path = MovieDetailModel.swift; sourceTree = "<group>"; };
		02E742952973E73A007AEBA0 /* MovieDetailInteractor.swift */ = {isa = PBXFileReference; lastKnownFileType = sourcecode.swift; path = MovieDetailInteractor.swift; sourceTree = "<group>"; };
		02E742972973E747007AEBA0 /* MovieDetailViewController.swift */ = {isa = PBXFileReference; lastKnownFileType = sourcecode.swift; path = MovieDetailViewController.swift; sourceTree = "<group>"; };
		3B5123E8A34FF9238D01D140 /* Pods-iMovies.release.xcconfig */ = {isa = PBXFileReference; includeInIndex = 1; lastKnownFileType = text.xcconfig; name = "Pods-iMovies.release.xcconfig"; path = "Target Support Files/Pods-iMovies/Pods-iMovies.release.xcconfig"; sourceTree = "<group>"; };
		435A9F03E7171D7D54BCB1BC /* Pods_iMovies.framework */ = {isa = PBXFileReference; explicitFileType = wrapper.framework; includeInIndex = 0; path = Pods_iMovies.framework; sourceTree = BUILT_PRODUCTS_DIR; };
		441C2B3D1436520CED39D251 /* Pods-iMovies.debug.xcconfig */ = {isa = PBXFileReference; includeInIndex = 1; lastKnownFileType = text.xcconfig; name = "Pods-iMovies.debug.xcconfig"; path = "Target Support Files/Pods-iMovies/Pods-iMovies.debug.xcconfig"; sourceTree = "<group>"; };
/* End PBXFileReference section */

/* Begin PBXFrameworksBuildPhase section */
		02C8B2B029717B5800300B73 /* Frameworks */ = {
			isa = PBXFrameworksBuildPhase;
			buildActionMask = 2147483647;
			files = (
				84FAEB41FCE2BEC6E2451A0F /* Pods_iMovies.framework in Frameworks */,
			);
			runOnlyForDeploymentPostprocessing = 0;
		};
/* End PBXFrameworksBuildPhase section */

/* Begin PBXGroup section */
		02B6F616297286AA00F0D083 /* Protocols */ = {
			isa = PBXGroup;
			children = (
				02B6F61E2972874700F0D083 /* MovieListProtocols.swift */,
			);
			path = Protocols;
			sourceTree = "<group>";
		};
		02B6F618297286B700F0D083 /* Entity */ = {
			isa = PBXGroup;
			children = (
				02B6F629297287AF00F0D083 /* MovieListModel.swift */,
			);
			path = Entity;
			sourceTree = "<group>";
		};
		02B6F619297286BB00F0D083 /* Presenter */ = {
			isa = PBXGroup;
			children = (
				02B6F62B297287BC00F0D083 /* MovieListPresenter.swift */,
			);
			path = Presenter;
			sourceTree = "<group>";
		};
		02B6F61A297286C000F0D083 /* Interactor */ = {
			isa = PBXGroup;
			children = (
				02B6F62D297287C600F0D083 /* MovieListInteractor.swift */,
			);
			path = Interactor;
			sourceTree = "<group>";
		};
		02B6F61B297286C300F0D083 /* View */ = {
			isa = PBXGroup;
			children = (
				02B6F61D297286D000F0D083 /* Cells */,
				02B6F61C297286CA00F0D083 /* ViewController */,
			);
			path = View;
			sourceTree = "<group>";
		};
		02B6F61C297286CA00F0D083 /* ViewController */ = {
			isa = PBXGroup;
			children = (
				02B6F62F297287CE00F0D083 /* MovieListViewController.swift */,
			);
			path = ViewController;
			sourceTree = "<group>";
		};
		02B6F61D297286D000F0D083 /* Cells */ = {
			isa = PBXGroup;
			children = (
				02B6F631297287D800F0D083 /* MovieListTableViewCell.swift */,
			);
			path = Cells;
			sourceTree = "<group>";
		};
		02B6F6262972878F00F0D083 /* Router */ = {
			isa = PBXGroup;
			children = (
				02B6F6272972879E00F0D083 /* MovieListRouter.swift */,
			);
			path = Router;
			sourceTree = "<group>";
		};
		02C8B2AA29717B5800300B73 = {
			isa = PBXGroup;
			children = (
				02C8B2B529717B5800300B73 /* iMovies */,
				02C8B2B429717B5800300B73 /* Products */,
				45383A5DDD907098EC2DD5D3 /* Pods */,
				346AD7F5FF8E7A4B15177EE0 /* Frameworks */,
			);
			sourceTree = "<group>";
		};
		02C8B2B429717B5800300B73 /* Products */ = {
			isa = PBXGroup;
			children = (
				02C8B2B329717B5800300B73 /* iMovies.app */,
			);
			name = Products;
			sourceTree = "<group>";
		};
		02C8B2B529717B5800300B73 /* iMovies */ = {
			isa = PBXGroup;
			children = (
				02C8B2CC29717F6100300B73 /* MovieDetailModule */,
				02C8B2CB29717F5A00300B73 /* MovieListModule */,
				02C8B2CA29717F3D00300B73 /* GenreListModule */,
				02C8B2CD29717F7F00300B73 /* Utilities */,
				02C8B2CE29717F8500300B73 /* AppSettings */,
				02C8B2CF29717FA900300B73 /* AppAssets */,
				02C8B2C129717B5A00300B73 /* LaunchScreen.storyboard */,
			);
			path = iMovies;
			sourceTree = "<group>";
		};
		02C8B2CA29717F3D00300B73 /* GenreListModule */ = {
			isa = PBXGroup;
			children = (
				02C8B2D52971815000300B73 /* View */,
				02C8B2D42971814C00300B73 /* Interactor */,
				02C8B2D32971814600300B73 /* Presenter */,
				02C8B2D22971814000300B73 /* Entity */,
				02C8B2D12971813300300B73 /* Router */,
				02C8B2D02971809B00300B73 /* Protocols */,
			);
			path = GenreListModule;
			sourceTree = "<group>";
		};
		02C8B2CB29717F5A00300B73 /* MovieListModule */ = {
			isa = PBXGroup;
			children = (
				02B6F61B297286C300F0D083 /* View */,
				02B6F61A297286C000F0D083 /* Interactor */,
				02B6F619297286BB00F0D083 /* Presenter */,
				02B6F618297286B700F0D083 /* Entity */,
				02B6F6262972878F00F0D083 /* Router */,
				02B6F616297286AA00F0D083 /* Protocols */,
			);
			path = MovieListModule;
			sourceTree = "<group>";
		};
		02C8B2CC29717F6100300B73 /* MovieDetailModule */ = {
			isa = PBXGroup;
			children = (
				02E742882973DF6A007AEBA0 /* View */,
				02E742872973DF65007AEBA0 /* Interactor */,
				02E742862973DF5F007AEBA0 /* Presenter */,
				02E742852973DF56007AEBA0 /* Entity */,
				02E742842973DF49007AEBA0 /* Router */,
				02E742832973DF44007AEBA0 /* Protocols */,
			);
			path = MovieDetailModule;
			sourceTree = "<group>";
		};
		02C8B2CD29717F7F00300B73 /* Utilities */ = {
			isa = PBXGroup;
			children = (
				02B6F6332972BDA300F0D083 /* Extensions.swift */,
				02971B5B2974ED660099147B /* Constants.swift */,
			);
			path = Utilities;
			sourceTree = "<group>";
		};
		02C8B2CE29717F8500300B73 /* AppSettings */ = {
			isa = PBXGroup;
			children = (
				02C8B2C429717B5A00300B73 /* Info.plist */,
				02C8B2B629717B5800300B73 /* AppDelegate.swift */,
				02C8B2B829717B5800300B73 /* SceneDelegate.swift */,
			);
			path = AppSettings;
			sourceTree = "<group>";
		};
		02C8B2CF29717FA900300B73 /* AppAssets */ = {
			isa = PBXGroup;
			children = (
				02C8B2BF29717B5A00300B73 /* Assets.xcassets */,
			);
			path = AppAssets;
			sourceTree = "<group>";
		};
		02C8B2D02971809B00300B73 /* Protocols */ = {
			isa = PBXGroup;
			children = (
				02C8B2DA2971B39F00300B73 /* GenreListProtocols.swift */,
			);
			path = Protocols;
			sourceTree = "<group>";
		};
		02C8B2D12971813300300B73 /* Router */ = {
			isa = PBXGroup;
			children = (
				02C8B2DE2971BEF700300B73 /* GenreListRouter.swift */,
			);
			path = Router;
			sourceTree = "<group>";
		};
		02C8B2D22971814000300B73 /* Entity */ = {
			isa = PBXGroup;
			children = (
				02C8B2DC2971BEA300300B73 /* GenreListModel.swift */,
			);
			path = Entity;
			sourceTree = "<group>";
		};
		02C8B2D32971814600300B73 /* Presenter */ = {
			isa = PBXGroup;
			children = (
				02C8B2E02971BF3E00300B73 /* GenreListPresenter.swift */,
			);
			path = Presenter;
			sourceTree = "<group>";
		};
		02C8B2D42971814C00300B73 /* Interactor */ = {
			isa = PBXGroup;
			children = (
				02C8B2E22971BF4700300B73 /* GenreListInteractor.swift */,
			);
			path = Interactor;
			sourceTree = "<group>";
		};
		02C8B2D52971815000300B73 /* View */ = {
			isa = PBXGroup;
			children = (
				02C8B2D72971815D00300B73 /* Cells */,
				02C8B2D62971815800300B73 /* ViewController */,
			);
			path = View;
			sourceTree = "<group>";
		};
		02C8B2D62971815800300B73 /* ViewController */ = {
			isa = PBXGroup;
			children = (
				02C8B2D82971817400300B73 /* GenreListViewController.swift */,
			);
			path = ViewController;
			sourceTree = "<group>";
		};
		02C8B2D72971815D00300B73 /* Cells */ = {
			isa = PBXGroup;
			children = (
				02B6F61429727D9800F0D083 /* GenreListCollectionViewCell.swift */,
			);
			path = Cells;
			sourceTree = "<group>";
		};
		02E742832973DF44007AEBA0 /* Protocols */ = {
			isa = PBXGroup;
			children = (
				02E7428B2973E6D2007AEBA0 /* MovieDetailProtocols.swift */,
			);
			path = Protocols;
			sourceTree = "<group>";
		};
		02E742842973DF49007AEBA0 /* Router */ = {
			isa = PBXGroup;
			children = (
				02E7428D2973E6EE007AEBA0 /* MovieDetailRouter.swift */,
			);
			path = Router;
			sourceTree = "<group>";
		};
		02E742852973DF56007AEBA0 /* Entity */ = {
			isa = PBXGroup;
			children = (
				02E742932973E72F007AEBA0 /* MovieDetailModel.swift */,
			);
			path = Entity;
			sourceTree = "<group>";
		};
		02E742862973DF5F007AEBA0 /* Presenter */ = {
			isa = PBXGroup;
			children = (
				02E742912973E71E007AEBA0 /* MovieDetailPresenter.swift */,
			);
			path = Presenter;
			sourceTree = "<group>";
		};
		02E742872973DF65007AEBA0 /* Interactor */ = {
			isa = PBXGroup;
			children = (
				02E742952973E73A007AEBA0 /* MovieDetailInteractor.swift */,
			);
			path = Interactor;
			sourceTree = "<group>";
		};
		02E742882973DF6A007AEBA0 /* View */ = {
			isa = PBXGroup;
			children = (
				02E742892973DF84007AEBA0 /* Cells */,
				02E7428A2973DF88007AEBA0 /* ViewController */,
			);
			path = View;
			sourceTree = "<group>";
		};
		02E742892973DF84007AEBA0 /* Cells */ = {
			isa = PBXGroup;
			children = (
				02971B572974E9200099147B /* ReviewListTableViewCell.swift */,
			);
			path = Cells;
			sourceTree = "<group>";
		};
		02E7428A2973DF88007AEBA0 /* ViewController */ = {
			isa = PBXGroup;
			children = (
				02E742972973E747007AEBA0 /* MovieDetailViewController.swift */,
			);
			path = ViewController;
			sourceTree = "<group>";
		};
		346AD7F5FF8E7A4B15177EE0 /* Frameworks */ = {
			isa = PBXGroup;
			children = (
				435A9F03E7171D7D54BCB1BC /* Pods_iMovies.framework */,
			);
			name = Frameworks;
			sourceTree = "<group>";
		};
		45383A5DDD907098EC2DD5D3 /* Pods */ = {
			isa = PBXGroup;
			children = (
				441C2B3D1436520CED39D251 /* Pods-iMovies.debug.xcconfig */,
				3B5123E8A34FF9238D01D140 /* Pods-iMovies.release.xcconfig */,
			);
			path = Pods;
			sourceTree = "<group>";
		};
/* End PBXGroup section */

/* Begin PBXNativeTarget section */
		02C8B2B229717B5800300B73 /* iMovies */ = {
			isa = PBXNativeTarget;
			buildConfigurationList = 02C8B2C729717B5A00300B73 /* Build configuration list for PBXNativeTarget "iMovies" */;
			buildPhases = (
				8CB9E70670E618ECF70C55C4 /* [CP] Check Pods Manifest.lock */,
				02C8B2AF29717B5800300B73 /* Sources */,
				02C8B2B029717B5800300B73 /* Frameworks */,
				02C8B2B129717B5800300B73 /* Resources */,
				2FEF571267C3F5BBB9459B6E /* [CP] Embed Pods Frameworks */,
			);
			buildRules = (
			);
			dependencies = (
			);
			name = iMovies;
			productName = iMovies;
			productReference = 02C8B2B329717B5800300B73 /* iMovies.app */;
			productType = "com.apple.product-type.application";
		};
/* End PBXNativeTarget section */

/* Begin PBXProject section */
		02C8B2AB29717B5800300B73 /* Project object */ = {
			isa = PBXProject;
			attributes = {
				BuildIndependentTargetsInParallel = 1;
				LastSwiftUpdateCheck = 1410;
				LastUpgradeCheck = 1410;
				TargetAttributes = {
					02C8B2B229717B5800300B73 = {
						CreatedOnToolsVersion = 14.1;
					};
				};
			};
			buildConfigurationList = 02C8B2AE29717B5800300B73 /* Build configuration list for PBXProject "iMovies" */;
			compatibilityVersion = "Xcode 14.0";
			developmentRegion = en;
			hasScannedForEncodings = 0;
			knownRegions = (
				en,
				Base,
			);
			mainGroup = 02C8B2AA29717B5800300B73;
			productRefGroup = 02C8B2B429717B5800300B73 /* Products */;
			projectDirPath = "";
			projectRoot = "";
			targets = (
				02C8B2B229717B5800300B73 /* iMovies */,
			);
		};
/* End PBXProject section */

/* Begin PBXResourcesBuildPhase section */
		02C8B2B129717B5800300B73 /* Resources */ = {
			isa = PBXResourcesBuildPhase;
			buildActionMask = 2147483647;
			files = (
				02C8B2C329717B5A00300B73 /* LaunchScreen.storyboard in Resources */,
				02C8B2C029717B5A00300B73 /* Assets.xcassets in Resources */,
			);
			runOnlyForDeploymentPostprocessing = 0;
		};
/* End PBXResourcesBuildPhase section */

/* Begin PBXShellScriptBuildPhase section */
		2FEF571267C3F5BBB9459B6E /* [CP] Embed Pods Frameworks */ = {
			isa = PBXShellScriptBuildPhase;
			buildActionMask = 2147483647;
			files = (
			);
			inputFileListPaths = (
				"${PODS_ROOT}/Target Support Files/Pods-iMovies/Pods-iMovies-frameworks-${CONFIGURATION}-input-files.xcfilelist",
			);
			name = "[CP] Embed Pods Frameworks";
			outputFileListPaths = (
				"${PODS_ROOT}/Target Support Files/Pods-iMovies/Pods-iMovies-frameworks-${CONFIGURATION}-output-files.xcfilelist",
			);
			runOnlyForDeploymentPostprocessing = 0;
			shellPath = /bin/sh;
			shellScript = "\"${PODS_ROOT}/Target Support Files/Pods-iMovies/Pods-iMovies-frameworks.sh\"\n";
			showEnvVarsInLog = 0;
		};
		8CB9E70670E618ECF70C55C4 /* [CP] Check Pods Manifest.lock */ = {
			isa = PBXShellScriptBuildPhase;
			buildActionMask = 2147483647;
			files = (
			);
			inputFileListPaths = (
			);
			inputPaths = (
				"${PODS_PODFILE_DIR_PATH}/Podfile.lock",
				"${PODS_ROOT}/Manifest.lock",
			);
			name = "[CP] Check Pods Manifest.lock";
			outputFileListPaths = (
			);
			outputPaths = (
				"$(DERIVED_FILE_DIR)/Pods-iMovies-checkManifestLockResult.txt",
			);
			runOnlyForDeploymentPostprocessing = 0;
			shellPath = /bin/sh;
			shellScript = "diff \"${PODS_PODFILE_DIR_PATH}/Podfile.lock\" \"${PODS_ROOT}/Manifest.lock\" > /dev/null\nif [ $? != 0 ] ; then\n    # print error to STDERR\n    echo \"error: The sandbox is not in sync with the Podfile.lock. Run 'pod install' or update your CocoaPods installation.\" >&2\n    exit 1\nfi\n# This output is used by Xcode 'outputs' to avoid re-running this script phase.\necho \"SUCCESS\" > \"${SCRIPT_OUTPUT_FILE_0}\"\n";
			showEnvVarsInLog = 0;
		};
/* End PBXShellScriptBuildPhase section */

/* Begin PBXSourcesBuildPhase section */
		02C8B2AF29717B5800300B73 /* Sources */ = {
			isa = PBXSourcesBuildPhase;
			buildActionMask = 2147483647;
			files = (
				02971B5C2974ED660099147B /* Constants.swift in Sources */,
				02E7428C2973E6D2007AEBA0 /* MovieDetailProtocols.swift in Sources */,
				02B6F61529727D9800F0D083 /* GenreListCollectionViewCell.swift in Sources */,
				02B6F62E297287C600F0D083 /* MovieListInteractor.swift in Sources */,
				02B6F62A297287AF00F0D083 /* MovieListModel.swift in Sources */,
				02E742982973E747007AEBA0 /* MovieDetailViewController.swift in Sources */,
				02B6F6282972879E00F0D083 /* MovieListRouter.swift in Sources */,
				02C8B2B729717B5800300B73 /* AppDelegate.swift in Sources */,
				02C8B2DB2971B39F00300B73 /* GenreListProtocols.swift in Sources */,
				02B6F632297287D800F0D083 /* MovieListTableViewCell.swift in Sources */,
				02B6F630297287CE00F0D083 /* MovieListViewController.swift in Sources */,
				02E742922973E71E007AEBA0 /* MovieDetailPresenter.swift in Sources */,
				02C8B2E12971BF3E00300B73 /* GenreListPresenter.swift in Sources */,
				02B6F61F2972874700F0D083 /* MovieListProtocols.swift in Sources */,
				02C8B2DD2971BEA300300B73 /* GenreListModel.swift in Sources */,
				02E742942973E72F007AEBA0 /* MovieDetailModel.swift in Sources */,
				02B6F62C297287BC00F0D083 /* MovieListPresenter.swift in Sources */,
				02C8B2E32971BF4700300B73 /* GenreListInteractor.swift in Sources */,
				02971B582974E9200099147B /* ReviewListTableViewCell.swift in Sources */,
				02E7428E2973E6EE007AEBA0 /* MovieDetailRouter.swift in Sources */,
				02C8B2B929717B5800300B73 /* SceneDelegate.swift in Sources */,
				02B6F6342972BDA300F0D083 /* Extensions.swift in Sources */,
				02C8B2DF2971BEF700300B73 /* GenreListRouter.swift in Sources */,
				02E742962973E73A007AEBA0 /* MovieDetailInteractor.swift in Sources */,
				02C8B2D92971817400300B73 /* GenreListViewController.swift in Sources */,
			);
			runOnlyForDeploymentPostprocessing = 0;
		};
/* End PBXSourcesBuildPhase section */

/* Begin PBXVariantGroup section */
		02C8B2C129717B5A00300B73 /* LaunchScreen.storyboard */ = {
			isa = PBXVariantGroup;
			children = (
				02C8B2C229717B5A00300B73 /* Base */,
			);
			name = LaunchScreen.storyboard;
			sourceTree = "<group>";
		};
/* End PBXVariantGroup section */

/* Begin XCBuildConfiguration section */
		02C8B2C529717B5A00300B73 /* Debug */ = {
			isa = XCBuildConfiguration;
			buildSettings = {
				ALWAYS_SEARCH_USER_PATHS = NO;
				CLANG_ANALYZER_NONNULL = YES;
				CLANG_ANALYZER_NUMBER_OBJECT_CONVERSION = YES_AGGRESSIVE;
				CLANG_CXX_LANGUAGE_STANDARD = "gnu++20";
				CLANG_ENABLE_MODULES = YES;
				CLANG_ENABLE_OBJC_ARC = YES;
				CLANG_ENABLE_OBJC_WEAK = YES;
				CLANG_WARN_BLOCK_CAPTURE_AUTORELEASING = YES;
				CLANG_WARN_BOOL_CONVERSION = YES;
				CLANG_WARN_COMMA = YES;
				CLANG_WARN_CONSTANT_CONVERSION = YES;
				CLANG_WARN_DEPRECATED_OBJC_IMPLEMENTATIONS = YES;
				CLANG_WARN_DIRECT_OBJC_ISA_USAGE = YES_ERROR;
				CLANG_WARN_DOCUMENTATION_COMMENTS = YES;
				CLANG_WARN_EMPTY_BODY = YES;
				CLANG_WARN_ENUM_CONVERSION = YES;
				CLANG_WARN_INFINITE_RECURSION = YES;
				CLANG_WARN_INT_CONVERSION = YES;
				CLANG_WARN_NON_LITERAL_NULL_CONVERSION = YES;
				CLANG_WARN_OBJC_IMPLICIT_RETAIN_SELF = YES;
				CLANG_WARN_OBJC_LITERAL_CONVERSION = YES;
				CLANG_WARN_OBJC_ROOT_CLASS = YES_ERROR;
				CLANG_WARN_QUOTED_INCLUDE_IN_FRAMEWORK_HEADER = YES;
				CLANG_WARN_RANGE_LOOP_ANALYSIS = YES;
				CLANG_WARN_STRICT_PROTOTYPES = YES;
				CLANG_WARN_SUSPICIOUS_MOVE = YES;
				CLANG_WARN_UNGUARDED_AVAILABILITY = YES_AGGRESSIVE;
				CLANG_WARN_UNREACHABLE_CODE = YES;
				CLANG_WARN__DUPLICATE_METHOD_MATCH = YES;
				COPY_PHASE_STRIP = NO;
				DEBUG_INFORMATION_FORMAT = dwarf;
				ENABLE_STRICT_OBJC_MSGSEND = YES;
				ENABLE_TESTABILITY = YES;
				GCC_C_LANGUAGE_STANDARD = gnu11;
				GCC_DYNAMIC_NO_PIC = NO;
				GCC_NO_COMMON_BLOCKS = YES;
				GCC_OPTIMIZATION_LEVEL = 0;
				GCC_PREPROCESSOR_DEFINITIONS = (
					"DEBUG=1",
					"$(inherited)",
				);
				GCC_WARN_64_TO_32_BIT_CONVERSION = YES;
				GCC_WARN_ABOUT_RETURN_TYPE = YES_ERROR;
				GCC_WARN_UNDECLARED_SELECTOR = YES;
				GCC_WARN_UNINITIALIZED_AUTOS = YES_AGGRESSIVE;
				GCC_WARN_UNUSED_FUNCTION = YES;
				GCC_WARN_UNUSED_VARIABLE = YES;
				IPHONEOS_DEPLOYMENT_TARGET = 16.1;
				MTL_ENABLE_DEBUG_INFO = INCLUDE_SOURCE;
				MTL_FAST_MATH = YES;
				ONLY_ACTIVE_ARCH = YES;
				SDKROOT = iphoneos;
				SWIFT_ACTIVE_COMPILATION_CONDITIONS = DEBUG;
				SWIFT_OPTIMIZATION_LEVEL = "-Onone";
			};
			name = Debug;
		};
		02C8B2C629717B5A00300B73 /* Release */ = {
			isa = XCBuildConfiguration;
			buildSettings = {
				ALWAYS_SEARCH_USER_PATHS = NO;
				CLANG_ANALYZER_NONNULL = YES;
				CLANG_ANALYZER_NUMBER_OBJECT_CONVERSION = YES_AGGRESSIVE;
				CLANG_CXX_LANGUAGE_STANDARD = "gnu++20";
				CLANG_ENABLE_MODULES = YES;
				CLANG_ENABLE_OBJC_ARC = YES;
				CLANG_ENABLE_OBJC_WEAK = YES;
				CLANG_WARN_BLOCK_CAPTURE_AUTORELEASING = YES;
				CLANG_WARN_BOOL_CONVERSION = YES;
				CLANG_WARN_COMMA = YES;
				CLANG_WARN_CONSTANT_CONVERSION = YES;
				CLANG_WARN_DEPRECATED_OBJC_IMPLEMENTATIONS = YES;
				CLANG_WARN_DIRECT_OBJC_ISA_USAGE = YES_ERROR;
				CLANG_WARN_DOCUMENTATION_COMMENTS = YES;
				CLANG_WARN_EMPTY_BODY = YES;
				CLANG_WARN_ENUM_CONVERSION = YES;
				CLANG_WARN_INFINITE_RECURSION = YES;
				CLANG_WARN_INT_CONVERSION = YES;
				CLANG_WARN_NON_LITERAL_NULL_CONVERSION = YES;
				CLANG_WARN_OBJC_IMPLICIT_RETAIN_SELF = YES;
				CLANG_WARN_OBJC_LITERAL_CONVERSION = YES;
				CLANG_WARN_OBJC_ROOT_CLASS = YES_ERROR;
				CLANG_WARN_QUOTED_INCLUDE_IN_FRAMEWORK_HEADER = YES;
				CLANG_WARN_RANGE_LOOP_ANALYSIS = YES;
				CLANG_WARN_STRICT_PROTOTYPES = YES;
				CLANG_WARN_SUSPICIOUS_MOVE = YES;
				CLANG_WARN_UNGUARDED_AVAILABILITY = YES_AGGRESSIVE;
				CLANG_WARN_UNREACHABLE_CODE = YES;
				CLANG_WARN__DUPLICATE_METHOD_MATCH = YES;
				COPY_PHASE_STRIP = NO;
				DEBUG_INFORMATION_FORMAT = "dwarf-with-dsym";
				ENABLE_NS_ASSERTIONS = NO;
				ENABLE_STRICT_OBJC_MSGSEND = YES;
				GCC_C_LANGUAGE_STANDARD = gnu11;
				GCC_NO_COMMON_BLOCKS = YES;
				GCC_WARN_64_TO_32_BIT_CONVERSION = YES;
				GCC_WARN_ABOUT_RETURN_TYPE = YES_ERROR;
				GCC_WARN_UNDECLARED_SELECTOR = YES;
				GCC_WARN_UNINITIALIZED_AUTOS = YES_AGGRESSIVE;
				GCC_WARN_UNUSED_FUNCTION = YES;
				GCC_WARN_UNUSED_VARIABLE = YES;
				IPHONEOS_DEPLOYMENT_TARGET = 16.1;
				MTL_ENABLE_DEBUG_INFO = NO;
				MTL_FAST_MATH = YES;
				SDKROOT = iphoneos;
				SWIFT_COMPILATION_MODE = wholemodule;
				SWIFT_OPTIMIZATION_LEVEL = "-O";
				VALIDATE_PRODUCT = YES;
			};
			name = Release;
		};
		02C8B2C829717B5A00300B73 /* Debug */ = {
			isa = XCBuildConfiguration;
			baseConfigurationReference = 441C2B3D1436520CED39D251 /* Pods-iMovies.debug.xcconfig */;
			buildSettings = {
				ASSETCATALOG_COMPILER_APPICON_NAME = AppIcon;
				ASSETCATALOG_COMPILER_GLOBAL_ACCENT_COLOR_NAME = AccentColor;
				CODE_SIGN_STYLE = Automatic;
				CURRENT_PROJECT_VERSION = 1;
				DEVELOPMENT_TEAM = NZ4J9325UD;
				GENERATE_INFOPLIST_FILE = YES;
				INFOPLIST_FILE = iMovies/AppSettings/Info.plist;
				INFOPLIST_KEY_NSMainNibFile = "";
				INFOPLIST_KEY_UIApplicationSupportsIndirectInputEvents = YES;
				INFOPLIST_KEY_UILaunchStoryboardName = LaunchScreen;
				INFOPLIST_KEY_UIMainStoryboardFile = "";
				INFOPLIST_KEY_UISupportedInterfaceOrientations = UIInterfaceOrientationPortrait;
				INFOPLIST_KEY_UISupportedInterfaceOrientations_iPad = "UIInterfaceOrientationLandscapeLeft UIInterfaceOrientationLandscapeRight UIInterfaceOrientationPortrait UIInterfaceOrientationPortraitUpsideDown";
				LD_RUNPATH_SEARCH_PATHS = (
					"$(inherited)",
					"@executable_path/Frameworks",
				);
				MARKETING_VERSION = 1.0;
				PRODUCT_BUNDLE_IDENTIFIER = com.gilbertnicholas.iMovies;
				PRODUCT_NAME = "$(TARGET_NAME)";
				SWIFT_EMIT_LOC_STRINGS = YES;
				SWIFT_VERSION = 5.0;
				TARGETED_DEVICE_FAMILY = 1;
			};
			name = Debug;
		};
		02C8B2C929717B5A00300B73 /* Release */ = {
			isa = XCBuildConfiguration;
			baseConfigurationReference = 3B5123E8A34FF9238D01D140 /* Pods-iMovies.release.xcconfig */;
			buildSettings = {
				ASSETCATALOG_COMPILER_APPICON_NAME = AppIcon;
				ASSETCATALOG_COMPILER_GLOBAL_ACCENT_COLOR_NAME = AccentColor;
				CODE_SIGN_STYLE = Automatic;
				CURRENT_PROJECT_VERSION = 1;
				DEVELOPMENT_TEAM = NZ4J9325UD;
				GENERATE_INFOPLIST_FILE = YES;
				INFOPLIST_FILE = iMovies/AppSettings/Info.plist;
				INFOPLIST_KEY_NSMainNibFile = "";
				INFOPLIST_KEY_UIApplicationSupportsIndirectInputEvents = YES;
				INFOPLIST_KEY_UILaunchStoryboardName = LaunchScreen;
				INFOPLIST_KEY_UIMainStoryboardFile = "";
				INFOPLIST_KEY_UISupportedInterfaceOrientations = UIInterfaceOrientationPortrait;
				INFOPLIST_KEY_UISupportedInterfaceOrientations_iPad = "UIInterfaceOrientationLandscapeLeft UIInterfaceOrientationLandscapeRight UIInterfaceOrientationPortrait UIInterfaceOrientationPortraitUpsideDown";
				LD_RUNPATH_SEARCH_PATHS = (
					"$(inherited)",
					"@executable_path/Frameworks",
				);
				MARKETING_VERSION = 1.0;
				PRODUCT_BUNDLE_IDENTIFIER = com.gilbertnicholas.iMovies;
				PRODUCT_NAME = "$(TARGET_NAME)";
				SWIFT_EMIT_LOC_STRINGS = YES;
				SWIFT_VERSION = 5.0;
				TARGETED_DEVICE_FAMILY = 1;
			};
			name = Release;
		};
/* End XCBuildConfiguration section */

/* Begin XCConfigurationList section */
		02C8B2AE29717B5800300B73 /* Build configuration list for PBXProject "iMovies" */ = {
			isa = XCConfigurationList;
			buildConfigurations = (
				02C8B2C529717B5A00300B73 /* Debug */,
				02C8B2C629717B5A00300B73 /* Release */,
			);
			defaultConfigurationIsVisible = 0;
			defaultConfigurationName = Release;
		};
		02C8B2C729717B5A00300B73 /* Build configuration list for PBXNativeTarget "iMovies" */ = {
			isa = XCConfigurationList;
			buildConfigurations = (
				02C8B2C829717B5A00300B73 /* Debug */,
				02C8B2C929717B5A00300B73 /* Release */,
			);
			defaultConfigurationIsVisible = 0;
			defaultConfigurationName = Release;
		};
/* End XCConfigurationList section */
	};
	rootObject = 02C8B2AB29717B5800300B73 /* Project object */;
}
